
Microsoft Visual Studio Solution File, Format Version 12.00
# Visual Studio Version 17
VisualStudioVersion = 17.8.34330.188
MinimumVisualStudioVersion = 10.0.40219.1
Project("{9A19103F-16F7-4668-BE54-9A1E7A4F7556}") = "WebApplication1", "WebApplication1\WebApplication1.csproj", "{0842BF9E-F73D-470B-9D09-32F8B6B30840}"
EndProject
Global
	GlobalSection(SolutionConfigurationPlatforms) = preSolution
		Debug|Any CPU = Debug|Any CPU
		Release|Any CPU = Release|Any CPU
	EndGlobalSection
	GlobalSection(ProjectConfigurationPlatforms) = postSolution
		{0842BF9E-F73D-470B-9D09-32F8B6B30840}.Debug|Any CPU.ActiveCfg = Debug|Any CPU
		{0842BF9E-F73D-470B-9D09-32F8B6B30840}.Debug|Any CPU.Build.0 = Debug|Any CPU
		{0842BF9E-F73D-470B-9D09-32F8B6B30840}.Release|Any CPU.ActiveCfg = Release|Any CPU
		{0842BF9E-F73D-470B-9D09-32F8B6B30840}.Release|Any CPU.Build.0 = Release|Any CPU
	EndGlobalSection
	GlobalSection(SolutionProperties) = preSolution
		HideSolutionNode = FALSE
	EndGlobalSection
	GlobalSection(ExtensibilityGlobals) = postSolution
		SolutionGuid = {6F48AA71-993E-4A72-90E9-FDCA76E675C6}
	EndGlobalSection
EndGlobal
